{
    "_readme": [
        "This file locks the dependencies of your project to a known state",
        "Read more about it at http://getcomposer.org/doc/01-basic-usage.md#composer-lock-the-lock-file",
        "This file is @generated automatically"
    ],
    "hash": "e8a51d361f7a0aaa919611ab119e18b7",
    "packages": [
        {
            "name": "mavimo/sculpin-redirect-bundle",
            "version": "dev-master",
            "target-dir": "Mavimo/Sculpin/Bundle/RedirectBundle",
            "source": {
                "type": "git",
                "url": "https://github.com/mavimo/sculpin-redirect-bundle.git",
                "reference": "5c42c401942008de04aa1e1d64161ca105568e2a"
            },
            "dist": {
                "type": "zip",
                "url": "https://api.github.com/repos/mavimo/sculpin-redirect-bundle/zipball/5c42c401942008de04aa1e1d64161ca105568e2a",
                "reference": "5c42c401942008de04aa1e1d64161ca105568e2a",
                "shasum": ""
            },
            "require": {
                "php": ">=5.3.2"
            },
            "type": "library",
            "autoload": {
                "psr-0": {
                    "Mavimo\\Sculpin\\Bundle\\RedirectBundle": ""
                }
            },
            "notification-url": "https://packagist.org/downloads/",
            "license": [
                "MIT"
            ],
            "authors": [
                {
                    "name": "Marco Vito Moscaritolo",
                    "email": "marco@mavimo.org",
                    "homepage": "http://www.mavimo.org"
                }
            ],
            "description": "Sculpin Redirect Bundle",
            "homepage": "https://sculpin.io",
            "keywords": [
                "blog",
                "blogging",
                "redirect",
                "site",
                "static"
            ],
            "time": "2014-01-04 14:40:02"
        },
        {
            "name": "sharkpp/sculpin-calendarian-bundle",
            "version": "dev-master",
            "source": {
                "type": "git",
                "url": "https://github.com/sharkpp/sculpin-calendarian-bundle.git",
                "reference": "c897eca7d5fcc50050d55054209c2268a0fe1e37"
            },
            "dist": {
                "type": "zip",
                "url": "https://api.github.com/repos/sharkpp/sculpin-calendarian-bundle/zipball/c897eca7d5fcc50050d55054209c2268a0fe1e37",
                "reference": "c897eca7d5fcc50050d55054209c2268a0fe1e37",
                "shasum": ""
            },
            "require": {
                "php": ">=5.3.0"
            },
            "type": "library",
            "autoload": {
                "psr-0": {
                    "Sharkpp\\Sculpin\\Bundle\\CalendarianBundle": "src/"
                }
            },
            "notification-url": "https://packagist.org/downloads/",
            "license": [
                "MIT"
            ],
            "authors": [
                {
                    "name": "sharkpp",
                    "email": "webmaster@sharkpp.net",
                    "homepage": "http://www.sharkpp.net"
                }
            ],
            "description": "This is a Bundle that generates the index page to blog date directory for Sculpin.",
            "homepage": "http://github.com/sharkpp/sculpin-calendarian-bundle",
            "keywords": [
                "blog",
                "calender",
                "sculpin"
            ],
            "time": "2015-08-09 11:50:17"
        }
    ],
    "packages-dev": [],
    "aliases": [],
    "minimum-stability": "stable",
    "stability-flags": {
        "mavimo/sculpin-redirect-bundle": 20,
        "sharkpp/sculpin-calendarian-bundle": 20
    },
    "prefer-stable": false,
    "prefer-lowest": false,
    "platform": [],
    "platform-dev": []
}
